{
  "name": "qtimer",
  "version": "1.0.0",
  "lockfileVersion": 1,
  "requires": true,
  "dependencies": {
    "acorn": {
      "version": "6.1.1",
      "resolved": "https://registry.npmjs.org/acorn/-/acorn-6.1.1.tgz",
      "integrity": "sha512-jPTiwtOxaHNaAPg/dmrJ/beuzLRnXtB0kQPQ8JpotKJgTB6rX6c8mlf315941pyjBSaPg8NHXS9fhP4u17DpGA=="
    },
    "dayjs": {
      "version": "1.8.10",
      "resolved": "https://registry.npmjs.org/dayjs/-/dayjs-1.8.10.tgz",
      "integrity": "sha512-U+7kBBkJzPWww0vNeMkaBeJwnkivTACoajm+bTfwparjFcPI6/5JSQN40WVnX6yCsm20oGf1SkMkIIp4m/boAw=="
    },
    "sval": {
      "version": "0.2.4",
      "resolved": "https://registry.npmjs.org/sval/-/sval-0.2.4.tgz",
      "integrity": "sha512-YUVMPUqmyk5OXBaXj4fb/gSF8lQf9yjXVEQm/zjNkosOgtVDiB2S6/7kuNz0SoFyuXgmpMRbQe+UPz2JQJw1/g==",
      "requires": {
        "acorn": "^6.1.1"
      }
    }
  }
}
