{
  "name": "qtimer",
  "version": "0.0.1",
  "lockfileVersion": 1,
  "requires": true,
  "dependencies": {
    "@types/estree": {
      "version": "0.0.39",
      "resolved": "https://registry.npmjs.org/@types/estree/-/estree-0.0.39.tgz",
      "integrity": "sha512-EYNwp3bU+98cpU4lAWYYL7Zz+2gryWH1qbdDTidVd6hkiR6weksdbMadyXKXNPEkQFhXM+hVO9ZygomHXp+AIw==",
      "dev": true
    },
    "@types/node": {
      "version": "11.11.4",
      "resolved": "https://registry.npmjs.org/@types/node/-/node-11.11.4.tgz",
      "integrity": "sha512-02tIL+QIi/RW4E5xILdoAMjeJ9kYq5t5S2vciUdFPXv/ikFTb0zK8q9vXkg4+WAJuYXGiVT1H28AkD2C+IkXVw==",
      "dev": true
    },
    "acorn": {
      "version": "6.1.1",
      "resolved": "https://registry.npmjs.org/acorn/-/acorn-6.1.1.tgz",
      "integrity": "sha512-jPTiwtOxaHNaAPg/dmrJ/beuzLRnXtB0kQPQ8JpotKJgTB6rX6c8mlf315941pyjBSaPg8NHXS9fhP4u17DpGA=="
    },
    "rollup": {
      "version": "1.7.0",
      "resolved": "https://registry.npmjs.org/rollup/-/rollup-1.7.0.tgz",
      "integrity": "sha512-hjuWSCgoQsFSTsmsNP4AH1l1kfkFqW82gW00V9nL81Zr3JtnKn3rvxh18jUAAEMb7qNoHj21PR5SqbK2mhBgMg==",
      "dev": true,
      "requires": {
        "@types/estree": "0.0.39",
        "@types/node": "^11.9.5",
        "acorn": "^6.1.1"
      }
    },
    "sval": {
      "version": "0.2.7",
      "resolved": "https://registry.npmjs.org/sval/-/sval-0.2.7.tgz",
      "integrity": "sha512-tjVdUY1lvHGZiAuE+imTbjL/v3gWXoXmRg0xhWsire/NUuzpJmtL5Sm4LFIe/Bmlm22VX/4TIXilT3Di9C8tng==",
      "requires": {
        "acorn": "^6.1.1"
      }
    }
  }
}
